
Microsoft Visual Studio Solution File, Format Version 12.00
# Visual Studio Version 16
VisualStudioVersion = 16.0.29306.81
MinimumVisualStudioVersion = 10.0.40219.1
Project("{FAE04EC0-301F-11D3-BF4B-00C04F79EFBC}") = "SimpleNARC", "SimpleNARC\SimpleNARC.csproj", "{76932201-03DB-4EB3-A7DD-8A74DFB99AC1}"
EndProject
Global
	GlobalSection(SolutionConfigurationPlatforms) = preSolution
		Debug|Any CPU = Debug|Any CPU
		Release|Any CPU = Release|Any CPU
	EndGlobalSection
	GlobalSection(ProjectConfigurationPlatforms) = postSolution
		{76932201-03DB-4EB3-A7DD-8A74DFB99AC1}.Debug|Any CPU.ActiveCfg = Debug|Any CPU
		{76932201-03DB-4EB3-A7DD-8A74DFB99AC1}.Debug|Any CPU.Build.0 = Debug|Any CPU
		{76932201-03DB-4EB3-A7DD-8A74DFB99AC1}.Release|Any CPU.ActiveCfg = Release|Any CPU
		{76932201-03DB-4EB3-A7DD-8A74DFB99AC1}.Release|Any CPU.Build.0 = Release|Any CPU
	EndGlobalSection
	GlobalSection(SolutionProperties) = preSolution
		HideSolutionNode = FALSE
	EndGlobalSection
	GlobalSection(ExtensibilityGlobals) = postSolution
		SolutionGuid = {7AEC153E-37CE-49F6-97DE-27ADBBF2E686}
	EndGlobalSection
EndGlobal
